
Microsoft Visual Studio Solution File, Format Version 12.00
# Visual Studio Version 16
VisualStudioVersion = 16.0.29920.165
MinimumVisualStudioVersion = 10.0.40219.1
Project("{2150E333-8FDC-42A3-9474-1A3956D46DE8}") = "Common", "Common", "{8149CAD6-5512-412B-9256-7DDD49D0E9B7}"
EndProject
Project("{9A19103F-16F7-4668-BE54-9A1E7A4F7556}") = "Logger", "Common\Logger\Logger.csproj", "{AFAD9863-0F9C-45E5-BA32-B92E180A4A59}"
EndProject
Project("{FAE04EC0-301F-11D3-BF4B-00C04F79EFBC}") = "DdnsService", "DdnsService\DdnsService.csproj", "{A3B63F8E-26C2-48FA-A74B-163972A47766}"
EndProject
Global
	GlobalSection(SolutionConfigurationPlatforms) = preSolution
		Debug|Any CPU = Debug|Any CPU
		Release|Any CPU = Release|Any CPU
	EndGlobalSection
	GlobalSection(ProjectConfigurationPlatforms) = postSolution
		{AFAD9863-0F9C-45E5-BA32-B92E180A4A59}.Debug|Any CPU.ActiveCfg = Debug|Any CPU
		{AFAD9863-0F9C-45E5-BA32-B92E180A4A59}.Debug|Any CPU.Build.0 = Debug|Any CPU
		{AFAD9863-0F9C-45E5-BA32-B92E180A4A59}.Release|Any CPU.ActiveCfg = Release|Any CPU
		{AFAD9863-0F9C-45E5-BA32-B92E180A4A59}.Release|Any CPU.Build.0 = Release|Any CPU
		{A3B63F8E-26C2-48FA-A74B-163972A47766}.Debug|Any CPU.ActiveCfg = Debug|Any CPU
		{A3B63F8E-26C2-48FA-A74B-163972A47766}.Debug|Any CPU.Build.0 = Debug|Any CPU
		{A3B63F8E-26C2-48FA-A74B-163972A47766}.Release|Any CPU.ActiveCfg = Release|Any CPU
		{A3B63F8E-26C2-48FA-A74B-163972A47766}.Release|Any CPU.Build.0 = Release|Any CPU
	EndGlobalSection
	GlobalSection(SolutionProperties) = preSolution
		HideSolutionNode = FALSE
	EndGlobalSection
	GlobalSection(NestedProjects) = preSolution
		{AFAD9863-0F9C-45E5-BA32-B92E180A4A59} = {8149CAD6-5512-412B-9256-7DDD49D0E9B7}
	EndGlobalSection
	GlobalSection(ExtensibilityGlobals) = postSolution
		SolutionGuid = {183D10BD-916B-4FAC-9C4A-41F84B84B5B0}
	EndGlobalSection
EndGlobal
